
Microsoft Visual Studio Solution File, Format Version 12.00
# Visual Studio Version 16
VisualStudioVersion = 16.0.28803.156
MinimumVisualStudioVersion = 10.0.40219.1
Project("{9A19103F-16F7-4668-BE54-9A1E7A4F7556}") = "TvMaze.UnitTests", "TvMaze.UnitTests\TvMaze.UnitTests.csproj", "{DA840935-6753-4A08-9045-A82BDF6FAA95}"
EndProject
Project("{9A19103F-16F7-4668-BE54-9A1E7A4F7556}") = "TvMaze.FunctionalTests", "TvMaze.FunctionalTests\TvMaze.FunctionalTests.csproj", "{D6902CA6-4C33-4EB0-95BB-F49E513B66A8}"
EndProject
Project("{FAE04EC0-301F-11D3-BF4B-00C04F79EFBC}") = "TVMaze.Api", "TvMaze.Api\TVMaze.Api.csproj", "{C8479515-FA97-47A7-B69B-9B10CA618D68}"
EndProject
Project("{2150E333-8FDC-42A3-9474-1A3956D46DE8}") = "1 - Application", "1 - Application", "{899E0EB8-B969-4915-8DD1-B22443DC771D}"
EndProject
Project("{2150E333-8FDC-42A3-9474-1A3956D46DE8}") = "2 - Domain", "2 - Domain", "{6A2F8C81-500E-419A-BFDE-EDE4DE4B45B2}"
EndProject
Project("{2150E333-8FDC-42A3-9474-1A3956D46DE8}") = "4 - Tests", "4 - Tests", "{876B38CE-3A9E-452B-8E7A-CCE6687F3C87}"
EndProject
Project("{2150E333-8FDC-42A3-9474-1A3956D46DE8}") = "3 - Infra", "3 - Infra", "{DD3DD547-93F9-45EF-B0CF-8726D962ECEB}"
EndProject
Project("{FAE04EC0-301F-11D3-BF4B-00C04F79EFBC}") = "TvMaze.Core", "TvMaze.Core\TvMaze.Core.csproj", "{E0FDB2B8-53BE-4400-B9EC-761FFFF16C99}"
EndProject
Project("{FAE04EC0-301F-11D3-BF4B-00C04F79EFBC}") = "TvMaze.Application", "TvMaze.Application\TvMaze.Application.csproj", "{1365A833-DC4F-41D5-B8D7-F25EEAB4DC6F}"
EndProject
Project("{2150E333-8FDC-42A3-9474-1A3956D46DE8}") = "1.1 - Daemons", "1.1 - Daemons", "{16D806CF-5BC8-4141-A12D-BE0F343CE702}"
EndProject
Project("{2150E333-8FDC-42A3-9474-1A3956D46DE8}") = "1.0 - Apis", "1.0 - Apis", "{69B6FCCB-7350-49F5-BFF0-86D8C4154D1D}"
EndProject
Project("{2150E333-8FDC-42A3-9474-1A3956D46DE8}") = "3.1 - CrossCutting", "3.1 - CrossCutting", "{35E2F697-E713-44F8-AE81-7DC4BC228A5A}"
EndProject
Project("{2150E333-8FDC-42A3-9474-1A3956D46DE8}") = "3.0 - Data", "3.0 - Data", "{23758993-C42B-4960-A590-026DBD2AA156}"
EndProject
Project("{FAE04EC0-301F-11D3-BF4B-00C04F79EFBC}") = "TvMaze.IoC", "TvMaze.IoC\TvMaze.IoC.csproj", "{1A59A844-9966-4D87-B837-8587CCD5EED6}"
EndProject
Project("{FAE04EC0-301F-11D3-BF4B-00C04F79EFBC}") = "TvMaze.Data", "TvMaze.Data\TvMaze.Data.csproj", "{0707BD96-9551-49CA-83E9-D0A5F1823489}"
EndProject
Project("{FAE04EC0-301F-11D3-BF4B-00C04F79EFBC}") = "TvMaze.Ingestor", "TvMaze.Ingestor\TvMaze.Ingestor.csproj", "{6E7BE49B-720A-4000-BE9E-0D93629FA8EB}"
EndProject
Project("{FAE04EC0-301F-11D3-BF4B-00C04F79EFBC}") = "TvMaze.Domain", "TvMaze.Domain\TvMaze.Domain.csproj", "{AEFF7601-E043-49D3-9F77-0354F31C1B1A}"
EndProject
Global
	GlobalSection(SolutionConfigurationPlatforms) = preSolution
		Debug|Any CPU = Debug|Any CPU
		Release|Any CPU = Release|Any CPU
	EndGlobalSection
	GlobalSection(ProjectConfigurationPlatforms) = postSolution
		{DA840935-6753-4A08-9045-A82BDF6FAA95}.Debug|Any CPU.ActiveCfg = Debug|Any CPU
		{DA840935-6753-4A08-9045-A82BDF6FAA95}.Debug|Any CPU.Build.0 = Debug|Any CPU
		{DA840935-6753-4A08-9045-A82BDF6FAA95}.Release|Any CPU.ActiveCfg = Release|Any CPU
		{DA840935-6753-4A08-9045-A82BDF6FAA95}.Release|Any CPU.Build.0 = Release|Any CPU
		{D6902CA6-4C33-4EB0-95BB-F49E513B66A8}.Debug|Any CPU.ActiveCfg = Debug|Any CPU
		{D6902CA6-4C33-4EB0-95BB-F49E513B66A8}.Debug|Any CPU.Build.0 = Debug|Any CPU
		{D6902CA6-4C33-4EB0-95BB-F49E513B66A8}.Release|Any CPU.ActiveCfg = Release|Any CPU
		{D6902CA6-4C33-4EB0-95BB-F49E513B66A8}.Release|Any CPU.Build.0 = Release|Any CPU
		{C8479515-FA97-47A7-B69B-9B10CA618D68}.Debug|Any CPU.ActiveCfg = Debug|Any CPU
		{C8479515-FA97-47A7-B69B-9B10CA618D68}.Debug|Any CPU.Build.0 = Debug|Any CPU
		{C8479515-FA97-47A7-B69B-9B10CA618D68}.Release|Any CPU.ActiveCfg = Release|Any CPU
		{C8479515-FA97-47A7-B69B-9B10CA618D68}.Release|Any CPU.Build.0 = Release|Any CPU
		{E0FDB2B8-53BE-4400-B9EC-761FFFF16C99}.Debug|Any CPU.ActiveCfg = Debug|Any CPU
		{E0FDB2B8-53BE-4400-B9EC-761FFFF16C99}.Debug|Any CPU.Build.0 = Debug|Any CPU
		{E0FDB2B8-53BE-4400-B9EC-761FFFF16C99}.Release|Any CPU.ActiveCfg = Release|Any CPU
		{E0FDB2B8-53BE-4400-B9EC-761FFFF16C99}.Release|Any CPU.Build.0 = Release|Any CPU
		{1365A833-DC4F-41D5-B8D7-F25EEAB4DC6F}.Debug|Any CPU.ActiveCfg = Debug|Any CPU
		{1365A833-DC4F-41D5-B8D7-F25EEAB4DC6F}.Debug|Any CPU.Build.0 = Debug|Any CPU
		{1365A833-DC4F-41D5-B8D7-F25EEAB4DC6F}.Release|Any CPU.ActiveCfg = Release|Any CPU
		{1365A833-DC4F-41D5-B8D7-F25EEAB4DC6F}.Release|Any CPU.Build.0 = Release|Any CPU
		{1A59A844-9966-4D87-B837-8587CCD5EED6}.Debug|Any CPU.ActiveCfg = Debug|Any CPU
		{1A59A844-9966-4D87-B837-8587CCD5EED6}.Debug|Any CPU.Build.0 = Debug|Any CPU
		{1A59A844-9966-4D87-B837-8587CCD5EED6}.Release|Any CPU.ActiveCfg = Release|Any CPU
		{1A59A844-9966-4D87-B837-8587CCD5EED6}.Release|Any CPU.Build.0 = Release|Any CPU
		{0707BD96-9551-49CA-83E9-D0A5F1823489}.Debug|Any CPU.ActiveCfg = Debug|Any CPU
		{0707BD96-9551-49CA-83E9-D0A5F1823489}.Debug|Any CPU.Build.0 = Debug|Any CPU
		{0707BD96-9551-49CA-83E9-D0A5F1823489}.Release|Any CPU.ActiveCfg = Release|Any CPU
		{0707BD96-9551-49CA-83E9-D0A5F1823489}.Release|Any CPU.Build.0 = Release|Any CPU
		{6E7BE49B-720A-4000-BE9E-0D93629FA8EB}.Debug|Any CPU.ActiveCfg = Debug|Any CPU
		{6E7BE49B-720A-4000-BE9E-0D93629FA8EB}.Debug|Any CPU.Build.0 = Debug|Any CPU
		{6E7BE49B-720A-4000-BE9E-0D93629FA8EB}.Release|Any CPU.ActiveCfg = Release|Any CPU
		{6E7BE49B-720A-4000-BE9E-0D93629FA8EB}.Release|Any CPU.Build.0 = Release|Any CPU
		{AEFF7601-E043-49D3-9F77-0354F31C1B1A}.Debug|Any CPU.ActiveCfg = Debug|Any CPU
		{AEFF7601-E043-49D3-9F77-0354F31C1B1A}.Debug|Any CPU.Build.0 = Debug|Any CPU
		{AEFF7601-E043-49D3-9F77-0354F31C1B1A}.Release|Any CPU.ActiveCfg = Release|Any CPU
		{AEFF7601-E043-49D3-9F77-0354F31C1B1A}.Release|Any CPU.Build.0 = Release|Any CPU
	EndGlobalSection
	GlobalSection(SolutionProperties) = preSolution
		HideSolutionNode = FALSE
	EndGlobalSection
	GlobalSection(ExtensibilityGlobals) = postSolution
		SolutionGuid = {11A23A0A-206A-4827-BBE8-CE44979FDDCE}
	EndGlobalSection
	GlobalSection(NestedProjects) = preSolution
		{C8479515-FA97-47A7-B69B-9B10CA618D68} = {69B6FCCB-7350-49F5-BFF0-86D8C4154D1D}
		{DA840935-6753-4A08-9045-A82BDF6FAA95} = {876B38CE-3A9E-452B-8E7A-CCE6687F3C87}
		{D6902CA6-4C33-4EB0-95BB-F49E513B66A8} = {876B38CE-3A9E-452B-8E7A-CCE6687F3C87}
		{E0FDB2B8-53BE-4400-B9EC-761FFFF16C99} = {6A2F8C81-500E-419A-BFDE-EDE4DE4B45B2}
		{1365A833-DC4F-41D5-B8D7-F25EEAB4DC6F} = {899E0EB8-B969-4915-8DD1-B22443DC771D}
		{16D806CF-5BC8-4141-A12D-BE0F343CE702} = {899E0EB8-B969-4915-8DD1-B22443DC771D}
		{69B6FCCB-7350-49F5-BFF0-86D8C4154D1D} = {899E0EB8-B969-4915-8DD1-B22443DC771D}
		{35E2F697-E713-44F8-AE81-7DC4BC228A5A} = {DD3DD547-93F9-45EF-B0CF-8726D962ECEB}
		{23758993-C42B-4960-A590-026DBD2AA156} = {DD3DD547-93F9-45EF-B0CF-8726D962ECEB}
		{1A59A844-9966-4D87-B837-8587CCD5EED6} = {35E2F697-E713-44F8-AE81-7DC4BC228A5A}
		{0707BD96-9551-49CA-83E9-D0A5F1823489} = {23758993-C42B-4960-A590-026DBD2AA156}
		{6E7BE49B-720A-4000-BE9E-0D93629FA8EB} = {16D806CF-5BC8-4141-A12D-BE0F343CE702}
		{AEFF7601-E043-49D3-9F77-0354F31C1B1A} = {6A2F8C81-500E-419A-BFDE-EDE4DE4B45B2}
	EndGlobalSection
EndGlobal
